
Microsoft Visual Studio Solution File, Format Version 11.00
# Visual Studio 2010
Project("{FAE04EC0-301F-11D3-BF4B-00C04F79EFBC}") = "VirtualButton", "Assembly-CSharp.csproj", "{0993FAEA-DB08-0384-A9DA-EB6CC963548E}"
EndProject
Project("{FAE04EC0-301F-11D3-BF4B-00C04F79EFBC}") = "VirtualButton", "Assembly-CSharp-Editor.csproj", "{4188C6DE-8EE4-2E40-D533-48F391B1734C}"
EndProject
Global
	GlobalSection(SolutionConfigurationPlatforms) = preSolution
		Debug|Any CPU = Debug|Any CPU
		Release|Any CPU = Release|Any CPU
	EndGlobalSection
	GlobalSection(ProjectConfigurationPlatforms) = postSolution
		{0993FAEA-DB08-0384-A9DA-EB6CC963548E}.Debug|Any CPU.ActiveCfg = Debug|Any CPU
		{0993FAEA-DB08-0384-A9DA-EB6CC963548E}.Debug|Any CPU.Build.0 = Debug|Any CPU
		{0993FAEA-DB08-0384-A9DA-EB6CC963548E}.Release|Any CPU.ActiveCfg = Release|Any CPU
		{0993FAEA-DB08-0384-A9DA-EB6CC963548E}.Release|Any CPU.Build.0 = Release|Any CPU
		{4188C6DE-8EE4-2E40-D533-48F391B1734C}.Debug|Any CPU.ActiveCfg = Debug|Any CPU
		{4188C6DE-8EE4-2E40-D533-48F391B1734C}.Debug|Any CPU.Build.0 = Debug|Any CPU
		{4188C6DE-8EE4-2E40-D533-48F391B1734C}.Release|Any CPU.ActiveCfg = Release|Any CPU
		{4188C6DE-8EE4-2E40-D533-48F391B1734C}.Release|Any CPU.Build.0 = Release|Any CPU
	EndGlobalSection
	GlobalSection(SolutionProperties) = preSolution
		HideSolutionNode = FALSE
	EndGlobalSection
	GlobalSection(MonoDevelopProperties) = preSolution
		StartupItem = Assembly-CSharp.csproj
	EndGlobalSection
EndGlobal
